Microsoft Visual Studio Solution File, Format Version 11.00
# Visual Studio 2008

Project("{0D4B96D0-AA75-2BBF-91D8-E08C77B33A56}") = "Game Demo", "Assembly-CSharp.csproj", "{B8CD1A69-3532-A508-91EB-DD92EC5124F7}"
EndProject
Global
	GlobalSection(SolutionConfigurationPlatforms) = preSolution
		Debug|Any CPU = Debug|Any CPU
		Release|Any CPU = Release|Any CPU
	EndGlobalSection
	GlobalSection(ProjectConfigurationPlatforms) = postSolution
		{B8CD1A69-3532-A508-91EB-DD92EC5124F7}.Debug|Any CPU.ActiveCfg = Debug|Any CPU
		{B8CD1A69-3532-A508-91EB-DD92EC5124F7}.Debug|Any CPU.Build.0 = Debug|Any CPU
		{B8CD1A69-3532-A508-91EB-DD92EC5124F7}.Release|Any CPU.ActiveCfg = Release|Any CPU
		{B8CD1A69-3532-A508-91EB-DD92EC5124F7}.Release|Any CPU.Build.0 = Release|Any CPU
	EndGlobalSection
	GlobalSection(SolutionProperties) = preSolution
		HideSolutionNode = FALSE
	EndGlobalSection
	GlobalSection(MonoDevelopProperties) = preSolution
		StartupItem = Assembly-CSharp.csproj
	EndGlobalSection
EndGlobal
